
Microsoft Visual Studio Solution File, Format Version 12.00
# Visual Studio Version 17
VisualStudioVersion = 17.11.35222.181
MinimumVisualStudioVersion = 10.0.40219.1
Project("{FAE04EC0-301F-11D3-BF4B-00C04F79EFBC}") = "TurkiyeSporSisemi.ConsoleUI", "TurkiyeSporSisemi.ConsoleUI\TurkiyeSporSisemi.ConsoleUI.csproj", "{B90652B1-DE41-4B82-B9D3-86D1821791A3}"
EndProject
Global
	GlobalSection(SolutionConfigurationPlatforms) = preSolution
		Debug|Any CPU = Debug|Any CPU
		Release|Any CPU = Release|Any CPU
	EndGlobalSection
	GlobalSection(ProjectConfigurationPlatforms) = postSolution
		{B90652B1-DE41-4B82-B9D3-86D1821791A3}.Debug|Any CPU.ActiveCfg = Debug|Any CPU
		{B90652B1-DE41-4B82-B9D3-86D1821791A3}.Debug|Any CPU.Build.0 = Debug|Any CPU
		{B90652B1-DE41-4B82-B9D3-86D1821791A3}.Release|Any CPU.ActiveCfg = Release|Any CPU
		{B90652B1-DE41-4B82-B9D3-86D1821791A3}.Release|Any CPU.Build.0 = Release|Any CPU
	EndGlobalSection
	GlobalSection(SolutionProperties) = preSolution
		HideSolutionNode = FALSE
	EndGlobalSection
	GlobalSection(ExtensibilityGlobals) = postSolution
		SolutionGuid = {38C47D42-D3CA-4E52-8C60-661D75223851}
	EndGlobalSection
EndGlobal
